// !$*UTF8*$!
{
	archiveVersion = 1;
	classes = {
	};
	objectVersion = 56;
	objects = {

/* Begin PBXBuildFile section */
		0F8320482A97AACB008C2078 /* AppDelegate.swift in Sources */ = {isa = PBXBuildFile; fileRef = 0F8320472A97AACB008C2078 /* AppDelegate.swift */; };
		0F83204A2A97AACB008C2078 /* SceneDelegate.swift in Sources */ = {isa = PBXBuildFile; fileRef = 0F8320492A97AACB008C2078 /* SceneDelegate.swift */; };
		0F83204C2A97AACB008C2078 /* InputViewController.swift in Sources */ = {isa = PBXBuildFile; fileRef = 0F83204B2A97AACB008C2078 /* InputViewController.swift */; };
		0F83204F2A97AACB008C2078 /* Main.storyboard in Resources */ = {isa = PBXBuildFile; fileRef = 0F83204D2A97AACB008C2078 /* Main.storyboard */; };
		0F8320512A97AACB008C2078 /* Assets.xcassets in Resources */ = {isa = PBXBuildFile; fileRef = 0F8320502A97AACB008C2078 /* Assets.xcassets */; };
		0F8320542A97AACB008C2078 /* LaunchScreen.storyboard in Resources */ = {isa = PBXBuildFile; fileRef = 0F8320522A97AACB008C2078 /* LaunchScreen.storyboard */; };
		0F83205F2A97AACB008C2078 /* FizzBuzzTests.swift in Sources */ = {isa = PBXBuildFile; fileRef = 0F83205E2A97AACB008C2078 /* FizzBuzzTests.swift */; };
		0F8320692A97AACB008C2078 /* FizzBuzzUITests.swift in Sources */ = {isa = PBXBuildFile; fileRef = 0F8320682A97AACB008C2078 /* FizzBuzzUITests.swift */; };
		0F83206B2A97AACB008C2078 /* FizzBuzzUITestsLaunchTests.swift in Sources */ = {isa = PBXBuildFile; fileRef = 0F83206A2A97AACB008C2078 /* FizzBuzzUITestsLaunchTests.swift */; };
		0FBF8AD42A97B271003E92F6 /* OutputViewController.storyboard in Resources */ = {isa = PBXBuildFile; fileRef = 0FBF8AD32A97B271003E92F6 /* OutputViewController.storyboard */; };
		0FBF8AD62A97B32C003E92F6 /* OutputViewController.swift in Sources */ = {isa = PBXBuildFile; fileRef = 0FBF8AD52A97B32C003E92F6 /* OutputViewController.swift */; };
		0FBF8ADB2A998832003E92F6 /* TextField.swift in Sources */ = {isa = PBXBuildFile; fileRef = 0FBF8ADA2A998832003E92F6 /* TextField.swift */; };
		0FBF8ADD2A9A86E1003E92F6 /* OutputTableViewCell.swift in Sources */ = {isa = PBXBuildFile; fileRef = 0FBF8ADC2A9A86E0003E92F6 /* OutputTableViewCell.swift */; };
/* End PBXBuildFile section */

/* Begin PBXContainerItemProxy section */
		0F83205B2A97AACB008C2078 /* PBXContainerItemProxy */ = {
			isa = PBXContainerItemProxy;
			containerPortal = 0F83203C2A97AACA008C2078 /* Project object */;
			proxyType = 1;
			remoteGlobalIDString = 0F8320432A97AACA008C2078;
			remoteInfo = FizzBuzz;
		};
		0F8320652A97AACB008C2078 /* PBXContainerItemProxy */ = {
			isa = PBXContainerItemProxy;
			containerPortal = 0F83203C2A97AACA008C2078 /* Project object */;
			proxyType = 1;
			remoteGlobalIDString = 0F8320432A97AACA008C2078;
			remoteInfo = FizzBuzz;
		};
/* End PBXContainerItemProxy section */

/* Begin PBXFileReference section */
		0F8320442A97AACB008C2078 /* FizzBuzz.app */ = {isa = PBXFileReference; explicitFileType = wrapper.application; includeInIndex = 0; path = FizzBuzz.app; sourceTree = BUILT_PRODUCTS_DIR; };
		0F8320472A97AACB008C2078 /* AppDelegate.swift */ = {isa = PBXFileReference; lastKnownFileType = sourcecode.swift; path = AppDelegate.swift; sourceTree = "<group>"; };
		0F8320492A97AACB008C2078 /* SceneDelegate.swift */ = {isa = PBXFileReference; lastKnownFileType = sourcecode.swift; path = SceneDelegate.swift; sourceTree = "<group>"; };
		0F83204B2A97AACB008C2078 /* InputViewController.swift */ = {isa = PBXFileReference; lastKnownFileType = sourcecode.swift; path = InputViewController.swift; sourceTree = "<group>"; };
		0F83204E2A97AACB008C2078 /* Base */ = {isa = PBXFileReference; lastKnownFileType = file.storyboard; name = Base; path = Base.lproj/Main.storyboard; sourceTree = "<group>"; };
		0F8320502A97AACB008C2078 /* Assets.xcassets */ = {isa = PBXFileReference; lastKnownFileType = folder.assetcatalog; path = Assets.xcassets; sourceTree = "<group>"; };
		0F8320532A97AACB008C2078 /* Base */ = {isa = PBXFileReference; lastKnownFileType = file.storyboard; name = Base; path = Base.lproj/LaunchScreen.storyboard; sourceTree = "<group>"; };
		0F8320552A97AACB008C2078 /* Info.plist */ = {isa = PBXFileReference; lastKnownFileType = text.plist.xml; path = Info.plist; sourceTree = "<group>"; };
		0F83205A2A97AACB008C2078 /* FizzBuzzTests.xctest */ = {isa = PBXFileReference; explicitFileType = wrapper.cfbundle; includeInIndex = 0; path = FizzBuzzTests.xctest; sourceTree = BUILT_PRODUCTS_DIR; };
		0F83205E2A97AACB008C2078 /* FizzBuzzTests.swift */ = {isa = PBXFileReference; lastKnownFileType = sourcecode.swift; path = FizzBuzzTests.swift; sourceTree = "<group>"; };
		0F8320642A97AACB008C2078 /* FizzBuzzUITests.xctest */ = {isa = PBXFileReference; explicitFileType = wrapper.cfbundle; includeInIndex = 0; path = FizzBuzzUITests.xctest; sourceTree = BUILT_PRODUCTS_DIR; };
		0F8320682A97AACB008C2078 /* FizzBuzzUITests.swift */ = {isa = PBXFileReference; lastKnownFileType = sourcecode.swift; path = FizzBuzzUITests.swift; sourceTree = "<group>"; };
		0F83206A2A97AACB008C2078 /* FizzBuzzUITestsLaunchTests.swift */ = {isa = PBXFileReference; lastKnownFileType = sourcecode.swift; path = FizzBuzzUITestsLaunchTests.swift; sourceTree = "<group>"; };
		0FBF8AD02A97AC11003E92F6 /* fr */ = {isa = PBXFileReference; lastKnownFileType = text.plist.strings; name = fr; path = fr.lproj/Main.strings; sourceTree = "<group>"; };
		0FBF8AD12A97AC11003E92F6 /* fr */ = {isa = PBXFileReference; lastKnownFileType = text.plist.strings; name = fr; path = fr.lproj/LaunchScreen.strings; sourceTree = "<group>"; };
		0FBF8AD32A97B271003E92F6 /* OutputViewController.storyboard */ = {isa = PBXFileReference; lastKnownFileType = file.storyboard; path = OutputViewController.storyboard; sourceTree = "<group>"; };
		0FBF8AD52A97B32C003E92F6 /* OutputViewController.swift */ = {isa = PBXFileReference; lastKnownFileType = sourcecode.swift; path = OutputViewController.swift; sourceTree = "<group>"; };
		0FBF8ADA2A998832003E92F6 /* TextField.swift */ = {isa = PBXFileReference; lastKnownFileType = sourcecode.swift; path = TextField.swift; sourceTree = "<group>"; };
		0FBF8ADC2A9A86E0003E92F6 /* OutputTableViewCell.swift */ = {isa = PBXFileReference; lastKnownFileType = sourcecode.swift; path = OutputTableViewCell.swift; sourceTree = "<group>"; };
/* End PBXFileReference section */

/* Begin PBXFrameworksBuildPhase section */
		0F8320412A97AACA008C2078 /* Frameworks */ = {
			isa = PBXFrameworksBuildPhase;
			buildActionMask = 2147483647;
			files = (
			);
			runOnlyForDeploymentPostprocessing = 0;
		};
		0F8320572A97AACB008C2078 /* Frameworks */ = {
			isa = PBXFrameworksBuildPhase;
			buildActionMask = 2147483647;
			files = (
			);
			runOnlyForDeploymentPostprocessing = 0;
		};
		0F8320612A97AACB008C2078 /* Frameworks */ = {
			isa = PBXFrameworksBuildPhase;
			buildActionMask = 2147483647;
			files = (
			);
			runOnlyForDeploymentPostprocessing = 0;
		};
/* End PBXFrameworksBuildPhase section */

/* Begin PBXGroup section */
		0F83203B2A97AACA008C2078 = {
			isa = PBXGroup;
			children = (
				0F8320462A97AACB008C2078 /* FizzBuzz */,
				0F83205D2A97AACB008C2078 /* FizzBuzzTests */,
				0F8320672A97AACB008C2078 /* FizzBuzzUITests */,
				0F8320452A97AACB008C2078 /* Products */,
			);
			sourceTree = "<group>";
		};
		0F8320452A97AACB008C2078 /* Products */ = {
			isa = PBXGroup;
			children = (
				0F8320442A97AACB008C2078 /* FizzBuzz.app */,
				0F83205A2A97AACB008C2078 /* FizzBuzzTests.xctest */,
				0F8320642A97AACB008C2078 /* FizzBuzzUITests.xctest */,
			);
			name = Products;
			sourceTree = "<group>";
		};
		0F8320462A97AACB008C2078 /* FizzBuzz */ = {
			isa = PBXGroup;
			children = (
				0F8320522A97AACB008C2078 /* LaunchScreen.storyboard */,
				0FBF8ACC2A97AB49003E92F6 /* (Main)inputViewController */,
				0FBF8ACD2A97AB75003E92F6 /* OutputViewController */,
				0F8320472A97AACB008C2078 /* AppDelegate.swift */,
				0F8320492A97AACB008C2078 /* SceneDelegate.swift */,
				0F8320502A97AACB008C2078 /* Assets.xcassets */,
				0FBF8AD92A9987F8003E92F6 /* Extension */,
				0F8320552A97AACB008C2078 /* Info.plist */,
			);
			path = FizzBuzz;
			sourceTree = "<group>";
		};
		0F83205D2A97AACB008C2078 /* FizzBuzzTests */ = {
			isa = PBXGroup;
			children = (
				0F83205E2A97AACB008C2078 /* FizzBuzzTests.swift */,
			);
			path = FizzBuzzTests;
			sourceTree = "<group>";
		};
		0F8320672A97AACB008C2078 /* FizzBuzzUITests */ = {
			isa = PBXGroup;
			children = (
				0F8320682A97AACB008C2078 /* FizzBuzzUITests.swift */,
				0F83206A2A97AACB008C2078 /* FizzBuzzUITestsLaunchTests.swift */,
			);
			path = FizzBuzzUITests;
			sourceTree = "<group>";
		};
		0FBF8ACC2A97AB49003E92F6 /* (Main)inputViewController */ = {
			isa = PBXGroup;
			children = (
				0F83204D2A97AACB008C2078 /* Main.storyboard */,
				0F83204B2A97AACB008C2078 /* InputViewController.swift */,
			);
			path = "(Main)inputViewController";
			sourceTree = "<group>";
		};
		0FBF8ACD2A97AB75003E92F6 /* OutputViewController */ = {
			isa = PBXGroup;
			children = (
				0FBF8AD32A97B271003E92F6 /* OutputViewController.storyboard */,
				0FBF8AD52A97B32C003E92F6 /* OutputViewController.swift */,
				0FBF8ADC2A9A86E0003E92F6 /* OutputTableViewCell.swift */,
			);
			path = OutputViewController;
			sourceTree = "<group>";
		};
		0FBF8AD92A9987F8003E92F6 /* Extension */ = {
			isa = PBXGroup;
			children = (
				0FBF8ADA2A998832003E92F6 /* TextField.swift */,
			);
			path = Extension;
			sourceTree = "<group>";
		};
/* End PBXGroup section */

/* Begin PBXNativeTarget section */
		0F8320432A97AACA008C2078 /* FizzBuzz */ = {
			isa = PBXNativeTarget;
			buildConfigurationList = 0F83206E2A97AACB008C2078 /* Build configuration list for PBXNativeTarget "FizzBuzz" */;
			buildPhases = (
				0F8320402A97AACA008C2078 /* Sources */,
				0F8320412A97AACA008C2078 /* Frameworks */,
				0F8320422A97AACA008C2078 /* Resources */,
			);
			buildRules = (
			);
			dependencies = (
			);
			name = FizzBuzz;
			productName = FizzBuzz;
			productReference = 0F8320442A97AACB008C2078 /* FizzBuzz.app */;
			productType = "com.apple.product-type.application";
		};
		0F8320592A97AACB008C2078 /* FizzBuzzTests */ = {
			isa = PBXNativeTarget;
			buildConfigurationList = 0F8320712A97AACB008C2078 /* Build configuration list for PBXNativeTarget "FizzBuzzTests" */;
			buildPhases = (
				0F8320562A97AACB008C2078 /* Sources */,
				0F8320572A97AACB008C2078 /* Frameworks */,
				0F8320582A97AACB008C2078 /* Resources */,
			);
			buildRules = (
			);
			dependencies = (
				0F83205C2A97AACB008C2078 /* PBXTargetDependency */,
			);
			name = FizzBuzzTests;
			productName = FizzBuzzTests;
			productReference = 0F83205A2A97AACB008C2078 /* FizzBuzzTests.xctest */;
			productType = "com.apple.product-type.bundle.unit-test";
		};
		0F8320632A97AACB008C2078 /* FizzBuzzUITests */ = {
			isa = PBXNativeTarget;
			buildConfigurationList = 0F8320742A97AACB008C2078 /* Build configuration list for PBXNativeTarget "FizzBuzzUITests" */;
			buildPhases = (
				0F8320602A97AACB008C2078 /* Sources */,
				0F8320612A97AACB008C2078 /* Frameworks */,
				0F8320622A97AACB008C2078 /* Resources */,
			);
			buildRules = (
			);
			dependencies = (
				0F8320662A97AACB008C2078 /* PBXTargetDependency */,
			);
			name = FizzBuzzUITests;
			productName = FizzBuzzUITests;
			productReference = 0F8320642A97AACB008C2078 /* FizzBuzzUITests.xctest */;
			productType = "com.apple.product-type.bundle.ui-testing";
		};
/* End PBXNativeTarget section */

/* Begin PBXProject section */
		0F83203C2A97AACA008C2078 /* Project object */ = {
			isa = PBXProject;
			attributes = {
				BuildIndependentTargetsInParallel = 1;
				LastSwiftUpdateCheck = 1410;
				LastUpgradeCheck = 1410;
				TargetAttributes = {
					0F8320432A97AACA008C2078 = {
						CreatedOnToolsVersion = 14.1;
					};
					0F8320592A97AACB008C2078 = {
						CreatedOnToolsVersion = 14.1;
						TestTargetID = 0F8320432A97AACA008C2078;
					};
					0F8320632A97AACB008C2078 = {
						CreatedOnToolsVersion = 14.1;
						TestTargetID = 0F8320432A97AACA008C2078;
					};
				};
			};
			buildConfigurationList = 0F83203F2A97AACA008C2078 /* Build configuration list for PBXProject "FizzBuzz" */;
			compatibilityVersion = "Xcode 14.0";
			developmentRegion = en;
			hasScannedForEncodings = 0;
			knownRegions = (
				en,
				Base,
				fr,
			);
			mainGroup = 0F83203B2A97AACA008C2078;
			productRefGroup = 0F8320452A97AACB008C2078 /* Products */;
			projectDirPath = "";
			projectRoot = "";
			targets = (
				0F8320432A97AACA008C2078 /* FizzBuzz */,
				0F8320592A97AACB008C2078 /* FizzBuzzTests */,
				0F8320632A97AACB008C2078 /* FizzBuzzUITests */,
			);
		};
/* End PBXProject section */

/* Begin PBXResourcesBuildPhase section */
		0F8320422A97AACA008C2078 /* Resources */ = {
			isa = PBXResourcesBuildPhase;
			buildActionMask = 2147483647;
			files = (
				0F8320542A97AACB008C2078 /* LaunchScreen.storyboard in Resources */,
				0F8320512A97AACB008C2078 /* Assets.xcassets in Resources */,
				0FBF8AD42A97B271003E92F6 /* OutputViewController.storyboard in Resources */,
				0F83204F2A97AACB008C2078 /* Main.storyboard in Resources */,
			);
			runOnlyForDeploymentPostprocessing = 0;
		};
		0F8320582A97AACB008C2078 /* Resources */ = {
			isa = PBXResourcesBuildPhase;
			buildActionMask = 2147483647;
			files = (
			);
			runOnlyForDeploymentPostprocessing = 0;
		};
		0F8320622A97AACB008C2078 /* Resources */ = {
			isa = PBXResourcesBuildPhase;
			buildActionMask = 2147483647;
			files = (
			);
			runOnlyForDeploymentPostprocessing = 0;
		};
/* End PBXResourcesBuildPhase section */

/* Begin PBXSourcesBuildPhase section */
		0F8320402A97AACA008C2078 /* Sources */ = {
			isa = PBXSourcesBuildPhase;
			buildActionMask = 2147483647;
			files = (
				0F83204C2A97AACB008C2078 /* InputViewController.swift in Sources */,
				0FBF8AD62A97B32C003E92F6 /* OutputViewController.swift in Sources */,
				0F8320482A97AACB008C2078 /* AppDelegate.swift in Sources */,
				0FBF8ADB2A998832003E92F6 /* TextField.swift in Sources */,
				0FBF8ADD2A9A86E1003E92F6 /* OutputTableViewCell.swift in Sources */,
				0F83204A2A97AACB008C2078 /* SceneDelegate.swift in Sources */,
			);
			runOnlyForDeploymentPostprocessing = 0;
		};
		0F8320562A97AACB008C2078 /* Sources */ = {
			isa = PBXSourcesBuildPhase;
			buildActionMask = 2147483647;
			files = (
				0F83205F2A97AACB008C2078 /* FizzBuzzTests.swift in Sources */,
			);
			runOnlyForDeploymentPostprocessing = 0;
		};
		0F8320602A97AACB008C2078 /* Sources */ = {
			isa = PBXSourcesBuildPhase;
			buildActionMask = 2147483647;
			files = (
				0F83206B2A97AACB008C2078 /* FizzBuzzUITestsLaunchTests.swift in Sources */,
				0F8320692A97AACB008C2078 /* FizzBuzzUITests.swift in Sources */,
			);
			runOnlyForDeploymentPostprocessing = 0;
		};
/* End PBXSourcesBuildPhase section */

/* Begin PBXTargetDependency section */
		0F83205C2A97AACB008C2078 /* PBXTargetDependency */ = {
			isa = PBXTargetDependency;
			target = 0F8320432A97AACA008C2078 /* FizzBuzz */;
			targetProxy = 0F83205B2A97AACB008C2078 /* PBXContainerItemProxy */;
		};
		0F8320662A97AACB008C2078 /* PBXTargetDependency */ = {
			isa = PBXTargetDependency;
			target = 0F8320432A97AACA008C2078 /* FizzBuzz */;
			targetProxy = 0F8320652A97AACB008C2078 /* PBXContainerItemProxy */;
		};
/* End PBXTargetDependency section */

/* Begin PBXVariantGroup section */
		0F83204D2A97AACB008C2078 /* Main.storyboard */ = {
			isa = PBXVariantGroup;
			children = (
				0F83204E2A97AACB008C2078 /* Base */,
				0FBF8AD02A97AC11003E92F6 /* fr */,
			);
			name = Main.storyboard;
			sourceTree = "<group>";
		};
		0F8320522A97AACB008C2078 /* LaunchScreen.storyboard */ = {
			isa = PBXVariantGroup;
			children = (
				0F8320532A97AACB008C2078 /* Base */,
				0FBF8AD12A97AC11003E92F6 /* fr */,
			);
			name = LaunchScreen.storyboard;
			sourceTree = "<group>";
		};
/* End PBXVariantGroup section */

/* Begin XCBuildConfiguration section */
		0F83206C2A97AACB008C2078 /* Debug */ = {
			isa = XCBuildConfiguration;
			buildSettings = {
				ALWAYS_SEARCH_USER_PATHS = NO;
				CLANG_ANALYZER_LOCALIZABILITY_NONLOCALIZED = YES;
				CLANG_ANALYZER_NONNULL = YES;
				CLANG_ANALYZER_NUMBER_OBJECT_CONVERSION = YES_AGGRESSIVE;
				CLANG_CXX_LANGUAGE_STANDARD = "gnu++20";
				CLANG_ENABLE_MODULES = YES;
				CLANG_ENABLE_OBJC_ARC = YES;
				CLANG_ENABLE_OBJC_WEAK = YES;
				CLANG_WARN_BLOCK_CAPTURE_AUTORELEASING = YES;
				CLANG_WARN_BOOL_CONVERSION = YES;
				CLANG_WARN_COMMA = YES;
				CLANG_WARN_CONSTANT_CONVERSION = YES;
				CLANG_WARN_DEPRECATED_OBJC_IMPLEMENTATIONS = YES;
				CLANG_WARN_DIRECT_OBJC_ISA_USAGE = YES_ERROR;
				CLANG_WARN_DOCUMENTATION_COMMENTS = YES;
				CLANG_WARN_EMPTY_BODY = YES;
				CLANG_WARN_ENUM_CONVERSION = YES;
				CLANG_WARN_INFINITE_RECURSION = YES;
				CLANG_WARN_INT_CONVERSION = YES;
				CLANG_WARN_NON_LITERAL_NULL_CONVERSION = YES;
				CLANG_WARN_OBJC_IMPLICIT_RETAIN_SELF = YES;
				CLANG_WARN_OBJC_LITERAL_CONVERSION = YES;
				CLANG_WARN_OBJC_ROOT_CLASS = YES_ERROR;
				CLANG_WARN_QUOTED_INCLUDE_IN_FRAMEWORK_HEADER = YES;
				CLANG_WARN_RANGE_LOOP_ANALYSIS = YES;
				CLANG_WARN_STRICT_PROTOTYPES = YES;
				CLANG_WARN_SUSPICIOUS_MOVE = YES;
				CLANG_WARN_UNGUARDED_AVAILABILITY = YES_AGGRESSIVE;
				CLANG_WARN_UNREACHABLE_CODE = YES;
				CLANG_WARN__DUPLICATE_METHOD_MATCH = YES;
				COPY_PHASE_STRIP = NO;
				DEBUG_INFORMATION_FORMAT = dwarf;
				ENABLE_STRICT_OBJC_MSGSEND = YES;
				ENABLE_TESTABILITY = YES;
				GCC_C_LANGUAGE_STANDARD = gnu11;
				GCC_DYNAMIC_NO_PIC = NO;
				GCC_NO_COMMON_BLOCKS = YES;
				GCC_OPTIMIZATION_LEVEL = 0;
				GCC_PREPROCESSOR_DEFINITIONS = (
					"DEBUG=1",
					"$(inherited)",
				);
				GCC_WARN_64_TO_32_BIT_CONVERSION = YES;
				GCC_WARN_ABOUT_RETURN_TYPE = YES_ERROR;
				GCC_WARN_UNDECLARED_SELECTOR = YES;
				GCC_WARN_UNINITIALIZED_AUTOS = YES_AGGRESSIVE;
				GCC_WARN_UNUSED_FUNCTION = YES;
				GCC_WARN_UNUSED_VARIABLE = YES;
				IPHONEOS_DEPLOYMENT_TARGET = 16.1;
				MTL_ENABLE_DEBUG_INFO = INCLUDE_SOURCE;
				MTL_FAST_MATH = YES;
				ONLY_ACTIVE_ARCH = YES;
				SDKROOT = iphoneos;
				SWIFT_ACTIVE_COMPILATION_CONDITIONS = DEBUG;
				SWIFT_OPTIMIZATION_LEVEL = "-Onone";
			};
			name = Debug;
		};
		0F83206D2A97AACB008C2078 /* Release */ = {
			isa = XCBuildConfiguration;
			buildSettings = {
				ALWAYS_SEARCH_USER_PATHS = NO;
				CLANG_ANALYZER_LOCALIZABILITY_NONLOCALIZED = YES;
				CLANG_ANALYZER_NONNULL = YES;
				CLANG_ANALYZER_NUMBER_OBJECT_CONVERSION = YES_AGGRESSIVE;
				CLANG_CXX_LANGUAGE_STANDARD = "gnu++20";
				CLANG_ENABLE_MODULES = YES;
				CLANG_ENABLE_OBJC_ARC = YES;
				CLANG_ENABLE_OBJC_WEAK = YES;
				CLANG_WARN_BLOCK_CAPTURE_AUTORELEASING = YES;
				CLANG_WARN_BOOL_CONVERSION = YES;
				CLANG_WARN_COMMA = YES;
				CLANG_WARN_CONSTANT_CONVERSION = YES;
				CLANG_WARN_DEPRECATED_OBJC_IMPLEMENTATIONS = YES;
				CLANG_WARN_DIRECT_OBJC_ISA_USAGE = YES_ERROR;
				CLANG_WARN_DOCUMENTATION_COMMENTS = YES;
				CLANG_WARN_EMPTY_BODY = YES;
				CLANG_WARN_ENUM_CONVERSION = YES;
				CLANG_WARN_INFINITE_RECURSION = YES;
				CLANG_WARN_INT_CONVERSION = YES;
				CLANG_WARN_NON_LITERAL_NULL_CONVERSION = YES;
				CLANG_WARN_OBJC_IMPLICIT_RETAIN_SELF = YES;
				CLANG_WARN_OBJC_LITERAL_CONVERSION = YES;
				CLANG_WARN_OBJC_ROOT_CLASS = YES_ERROR;
				CLANG_WARN_QUOTED_INCLUDE_IN_FRAMEWORK_HEADER = YES;
				CLANG_WARN_RANGE_LOOP_ANALYSIS = YES;
				CLANG_WARN_STRICT_PROTOTYPES = YES;
				CLANG_WARN_SUSPICIOUS_MOVE = YES;
				CLANG_WARN_UNGUARDED_AVAILABILITY = YES_AGGRESSIVE;
				CLANG_WARN_UNREACHABLE_CODE = YES;
				CLANG_WARN__DUPLICATE_METHOD_MATCH = YES;
				COPY_PHASE_STRIP = NO;
				DEBUG_INFORMATION_FORMAT = "dwarf-with-dsym";
				ENABLE_NS_ASSERTIONS = NO;
				ENABLE_STRICT_OBJC_MSGSEND = YES;
				GCC_C_LANGUAGE_STANDARD = gnu11;
				GCC_NO_COMMON_BLOCKS = YES;
				GCC_WARN_64_TO_32_BIT_CONVERSION = YES;
				GCC_WARN_ABOUT_RETURN_TYPE = YES_ERROR;
				GCC_WARN_UNDECLARED_SELECTOR = YES;
				GCC_WARN_UNINITIALIZED_AUTOS = YES_AGGRESSIVE;
				GCC_WARN_UNUSED_FUNCTION = YES;
				GCC_WARN_UNUSED_VARIABLE = YES;
				IPHONEOS_DEPLOYMENT_TARGET = 16.1;
				MTL_ENABLE_DEBUG_INFO = NO;
				MTL_FAST_MATH = YES;
				SDKROOT = iphoneos;
				SWIFT_COMPILATION_MODE = wholemodule;
				SWIFT_OPTIMIZATION_LEVEL = "-O";
				VALIDATE_PRODUCT = YES;
			};
			name = Release;
		};
		0F83206F2A97AACB008C2078 /* Debug */ = {
			isa = XCBuildConfiguration;
			buildSettings = {
				ASSETCATALOG_COMPILER_APPICON_NAME = AppIcon;
				ASSETCATALOG_COMPILER_GLOBAL_ACCENT_COLOR_NAME = AccentColor;
				CODE_SIGN_STYLE = Automatic;
				CURRENT_PROJECT_VERSION = 1;
				DEVELOPMENT_TEAM = GVMQ95B64H;
				GENERATE_INFOPLIST_FILE = YES;
				INFOPLIST_FILE = FizzBuzz/Info.plist;
				INFOPLIST_KEY_UIApplicationSupportsIndirectInputEvents = YES;
				INFOPLIST_KEY_UILaunchStoryboardName = LaunchScreen;
				INFOPLIST_KEY_UIMainStoryboardFile = Main;
				INFOPLIST_KEY_UISupportedInterfaceOrientations_iPad = "UIInterfaceOrientationPortrait UIInterfaceOrientationPortraitUpsideDown UIInterfaceOrientationLandscapeLeft UIInterfaceOrientationLandscapeRight";
				INFOPLIST_KEY_UISupportedInterfaceOrientations_iPhone = "UIInterfaceOrientationPortrait UIInterfaceOrientationLandscapeLeft UIInterfaceOrientationLandscapeRight";
				LD_RUNPATH_SEARCH_PATHS = (
					"$(inherited)",
					"@executable_path/Frameworks",
				);
				MARKETING_VERSION = 1.0;
				PRODUCT_BUNDLE_IDENTIFIER = PersonalTeam.FizzBuzz;
				PRODUCT_NAME = "$(TARGET_NAME)";
				SWIFT_EMIT_LOC_STRINGS = YES;
				SWIFT_VERSION = 5.0;
				TARGETED_DEVICE_FAMILY = "1,2";
			};
			name = Debug;
		};
		0F8320702A97AACB008C2078 /* Release */ = {
			isa = XCBuildConfiguration;
			buildSettings = {
				ASSETCATALOG_COMPILER_APPICON_NAME = AppIcon;
				ASSETCATALOG_COMPILER_GLOBAL_ACCENT_COLOR_NAME = AccentColor;
				CODE_SIGN_STYLE = Automatic;
				CURRENT_PROJECT_VERSION = 1;
				DEVELOPMENT_TEAM = GVMQ95B64H;
				GENERATE_INFOPLIST_FILE = YES;
				INFOPLIST_FILE = FizzBuzz/Info.plist;
				INFOPLIST_KEY_UIApplicationSupportsIndirectInputEvents = YES;
				INFOPLIST_KEY_UILaunchStoryboardName = LaunchScreen;
				INFOPLIST_KEY_UIMainStoryboardFile = Main;
				INFOPLIST_KEY_UISupportedInterfaceOrientations_iPad = "UIInterfaceOrientationPortrait UIInterfaceOrientationPortraitUpsideDown UIInterfaceOrientationLandscapeLeft UIInterfaceOrientationLandscapeRight";
				INFOPLIST_KEY_UISupportedInterfaceOrientations_iPhone = "UIInterfaceOrientationPortrait UIInterfaceOrientationLandscapeLeft UIInterfaceOrientationLandscapeRight";
				LD_RUNPATH_SEARCH_PATHS = (
					"$(inherited)",
					"@executable_path/Frameworks",
				);
				MARKETING_VERSION = 1.0;
				PRODUCT_BUNDLE_IDENTIFIER = PersonalTeam.FizzBuzz;
				PRODUCT_NAME = "$(TARGET_NAME)";
				SWIFT_EMIT_LOC_STRINGS = YES;
				SWIFT_VERSION = 5.0;
				TARGETED_DEVICE_FAMILY = "1,2";
			};
			name = Release;
		};
		0F8320722A97AACB008C2078 /* Debug */ = {
			isa = XCBuildConfiguration;
			buildSettings = {
				ALWAYS_EMBED_SWIFT_STANDARD_LIBRARIES = YES;
				BUNDLE_LOADER = "$(TEST_HOST)";
				CODE_SIGN_STYLE = Automatic;
				CURRENT_PROJECT_VERSION = 1;
				DEVELOPMENT_TEAM = GVMQ95B64H;
				GENERATE_INFOPLIST_FILE = YES;
				IPHONEOS_DEPLOYMENT_TARGET = 16.1;
				MARKETING_VERSION = 1.0;
				PRODUCT_BUNDLE_IDENTIFIER = PersonalTeam.FizzBuzzTests;
				PRODUCT_NAME = "$(TARGET_NAME)";
				SWIFT_EMIT_LOC_STRINGS = NO;
				SWIFT_VERSION = 5.0;
				TARGETED_DEVICE_FAMILY = "1,2";
				TEST_HOST = "$(BUILT_PRODUCTS_DIR)/FizzBuzz.app/$(BUNDLE_EXECUTABLE_FOLDER_PATH)/FizzBuzz";
			};
			name = Debug;
		};
		0F8320732A97AACB008C2078 /* Release */ = {
			isa = XCBuildConfiguration;
			buildSettings = {
				ALWAYS_EMBED_SWIFT_STANDARD_LIBRARIES = YES;
				BUNDLE_LOADER = "$(TEST_HOST)";
				CODE_SIGN_STYLE = Automatic;
				CURRENT_PROJECT_VERSION = 1;
				DEVELOPMENT_TEAM = GVMQ95B64H;
				GENERATE_INFOPLIST_FILE = YES;
				IPHONEOS_DEPLOYMENT_TARGET = 16.1;
				MARKETING_VERSION = 1.0;
				PRODUCT_BUNDLE_IDENTIFIER = PersonalTeam.FizzBuzzTests;
				PRODUCT_NAME = "$(TARGET_NAME)";
				SWIFT_EMIT_LOC_STRINGS = NO;
				SWIFT_VERSION = 5.0;
				TARGETED_DEVICE_FAMILY = "1,2";
				TEST_HOST = "$(BUILT_PRODUCTS_DIR)/FizzBuzz.app/$(BUNDLE_EXECUTABLE_FOLDER_PATH)/FizzBuzz";
			};
			name = Release;
		};
		0F8320752A97AACB008C2078 /* Debug */ = {
			isa = XCBuildConfiguration;
			buildSettings = {
				ALWAYS_EMBED_SWIFT_STANDARD_LIBRARIES = YES;
				CODE_SIGN_STYLE = Automatic;
				CURRENT_PROJECT_VERSION = 1;
				DEVELOPMENT_TEAM = GVMQ95B64H;
				GENERATE_INFOPLIST_FILE = YES;
				MARKETING_VERSION = 1.0;
				PRODUCT_BUNDLE_IDENTIFIER = PersonalTeam.FizzBuzzUITests;
				PRODUCT_NAME = "$(TARGET_NAME)";
				SWIFT_EMIT_LOC_STRINGS = NO;
				SWIFT_VERSION = 5.0;
				TARGETED_DEVICE_FAMILY = "1,2";
				TEST_TARGET_NAME = FizzBuzz;
			};
			name = Debug;
		};
		0F8320762A97AACB008C2078 /* Release */ = {
			isa = XCBuildConfiguration;
			buildSettings = {
				ALWAYS_EMBED_SWIFT_STANDARD_LIBRARIES = YES;
				CODE_SIGN_STYLE = Automatic;
				CURRENT_PROJECT_VERSION = 1;
				DEVELOPMENT_TEAM = GVMQ95B64H;
				GENERATE_INFOPLIST_FILE = YES;
				MARKETING_VERSION = 1.0;
				PRODUCT_BUNDLE_IDENTIFIER = PersonalTeam.FizzBuzzUITests;
				PRODUCT_NAME = "$(TARGET_NAME)";
				SWIFT_EMIT_LOC_STRINGS = NO;
				SWIFT_VERSION = 5.0;
				TARGETED_DEVICE_FAMILY = "1,2";
				TEST_TARGET_NAME = FizzBuzz;
			};
			name = Release;
		};
/* End XCBuildConfiguration section */

/* Begin XCConfigurationList section */
		0F83203F2A97AACA008C2078 /* Build configuration list for PBXProject "FizzBuzz" */ = {
			isa = XCConfigurationList;
			buildConfigurations = (
				0F83206C2A97AACB008C2078 /* Debug */,
				0F83206D2A97AACB008C2078 /* Release */,
			);
			defaultConfigurationIsVisible = 0;
			defaultConfigurationName = Release;
		};
		0F83206E2A97AACB008C2078 /* Build configuration list for PBXNativeTarget "FizzBuzz" */ = {
			isa = XCConfigurationList;
			buildConfigurations = (
				0F83206F2A97AACB008C2078 /* Debug */,
				0F8320702A97AACB008C2078 /* Release */,
			);
			defaultConfigurationIsVisible = 0;
			defaultConfigurationName = Release;
		};
		0F8320712A97AACB008C2078 /* Build configuration list for PBXNativeTarget "FizzBuzzTests" */ = {
			isa = XCConfigurationList;
			buildConfigurations = (
				0F8320722A97AACB008C2078 /* Debug */,
				0F8320732A97AACB008C2078 /* Release */,
			);
			defaultConfigurationIsVisible = 0;
			defaultConfigurationName = Release;
		};
		0F8320742A97AACB008C2078 /* Build configuration list for PBXNativeTarget "FizzBuzzUITests" */ = {
			isa = XCConfigurationList;
			buildConfigurations = (
				0F8320752A97AACB008C2078 /* Debug */,
				0F8320762A97AACB008C2078 /* Release */,
			);
			defaultConfigurationIsVisible = 0;
			defaultConfigurationName = Release;
		};
/* End XCConfigurationList section */
	};
	rootObject = 0F83203C2A97AACA008C2078 /* Project object */;
}
